<?xml version="1.0" encoding="utf-8"?>
<Project ToolsVersion="4.0" xmlns="http://schemas.microsoft.com/developer/msbuild/2003">
  <ItemGroup>
    <Filter Include="Source Files">
      <UniqueIdentifier>{4FC737F1-C7A5-4376-A066-2A32D752A2FF}</UniqueIdentifier>
      <Extensions>cpp;c;cc;cxx;def;odl;idl;hpj;bat;asm;asmx</Extensions>
    </Filter>
    <Filter Include="Header Files">
      <UniqueIdentifier>{93995380-89BD-4b04-88EB-625FBE52EBFB}</UniqueIdentifier>
      <Extensions>h;hh;hpp;hxx;hm;inl;inc;xsd</Extensions>
    </Filter>
    <Filter Include="Resource Files">
      <UniqueIdentifier>{67DA6AB6-F800-4c08-8B7A-83BB121AAD01}</UniqueIdentifier>
      <Extensions>rc;ico;cur;bmp;dlg;rc2;rct;bin;rgs;gif;jpg;jpeg;jpe;resx;tiff;tif;png;wav;mfcribbon-ms</Extensions>
    </Filter>
    <Filter Include="Source Files\glew">
      <UniqueIdentifier>{79f24020-c292-4167-b7a1-f730dcb1b47c}</UniqueIdentifier>
    </Filter>
    <Filter Include="Source Files\shader">
      <UniqueIdentifier>{a066c79c-3052-497a-a167-33564433bcf2}</UniqueIdentifier>
    </Filter>
    <Filter Include="Source Files\imgui">
      <UniqueIdentifier>{be173d4f-aa82-48b1-b285-463093ec90e0}</UniqueIdentifier>
    </Filter>
    <Filter Include="Source Files\shaderc">
      <UniqueIdentifier>{d48c62b7-c6ff-4b2c-9448-1a46f083a3e8}</UniqueIdentifier>
    </Filter>
    <Filter Include="Source Files\glslang">
      <UniqueIdentifier>{d765ceb4-e3a4-4ba5-aa59-d657d5d3afef}</UniqueIdentifier>
    </Filter>
  </ItemGroup>
  <ItemGroup>
    <ClCompile Include="..\demo\smaaDemo.cpp">
      <Filter>Source Files</Filter>
    </ClCompile>
    <ClCompile Include="..\foreign\glew\src\glew.c">
      <Filter>Source Files\glew</Filter>
    </ClCompile>
    <ClCompile Include="..\demo\NullRenderer.cpp">
      <Filter>Source Files</Filter>
    </ClCompile>
    <ClCompile Include="..\demo\OpenGLRenderer.cpp">
      <Filter>Source Files</Filter>
    </ClCompile>
    <ClCompile Include="..\demo\RendererCommon.cpp">
      <Filter>Source Files</Filter>
    </ClCompile>
    <ClCompile Include="..\demo\Utils.cpp">
      <Filter>Source Files</Filter>
    </ClCompile>
    <ClCompile Include="..\demo\VulkanRenderer.cpp">
      <Filter>Source Files</Filter>
    </ClCompile>
    <ClCompile Include="..\foreign\imgui\imgui.cpp">
      <Filter>Source Files\imgui</Filter>
    </ClCompile>
    <ClCompile Include="..\foreign\imgui\imgui_demo.cpp">
      <Filter>Source Files\imgui</Filter>
    </ClCompile>
    <ClCompile Include="..\foreign\imgui\imgui_draw.cpp">
      <Filter>Source Files\imgui</Filter>
    </ClCompile>
    <ClCompile Include="..\foreign\shaderc\libshaderc\src\shaderc.cc">
      <Filter>Source Files\shaderc</Filter>
    </ClCompile>
    <ClCompile Include="..\foreign\shaderc\libshaderc_util\src\compiler.cc">
      <Filter>Source Files\shaderc</Filter>
    </ClCompile>
    <ClCompile Include="..\foreign\shaderc\libshaderc_util\src\file_finder.cc">
      <Filter>Source Files\shaderc</Filter>
    </ClCompile>
    <ClCompile Include="..\foreign\shaderc\libshaderc_util\src\io.cc">
      <Filter>Source Files\shaderc</Filter>
    </ClCompile>
    <ClCompile Include="..\foreign\shaderc\libshaderc_util\src\message.cc">
      <Filter>Source Files\shaderc</Filter>
    </ClCompile>
    <ClCompile Include="..\foreign\shaderc\libshaderc_util\src\resources.cc">
      <Filter>Source Files\shaderc</Filter>
    </ClCompile>
    <ClCompile Include="..\foreign\shaderc\libshaderc_util\src\shader_stage.cc">
      <Filter>Source Files\shaderc</Filter>
    </ClCompile>
    <ClCompile Include="..\foreign\shaderc\libshaderc_util\src\spirv_tools_wrapper.cc">
      <Filter>Source Files\shaderc</Filter>
    </ClCompile>
    <ClCompile Include="..\foreign\shaderc\libshaderc_util\src\version_profile.cc">
      <Filter>Source Files\shaderc</Filter>
    </ClCompile>
    <ClCompile Include="..\foreign\glslang\glslang\GenericCodeGen\CodeGen.cpp">
      <Filter>Source Files\glslang</Filter>
    </ClCompile>
    <ClCompile Include="..\foreign\glslang\glslang\GenericCodeGen\Link.cpp">
      <Filter>Source Files\glslang</Filter>
    </ClCompile>
    <ClCompile Include="..\foreign\glslang\glslang\MachineIndependent\Constant.cpp">
      <Filter>Source Files\glslang</Filter>
    </ClCompile>
    <ClCompile Include="..\foreign\glslang\glslang\MachineIndependent\glslang_tab.cpp">
      <Filter>Source Files\glslang</Filter>
    </ClCompile>
    <ClCompile Include="..\foreign\glslang\glslang\MachineIndependent\InfoSink.cpp">
      <Filter>Source Files\glslang</Filter>
    </ClCompile>
    <ClCompile Include="..\foreign\glslang\glslang\MachineIndependent\Initialize.cpp">
      <Filter>Source Files\glslang</Filter>
    </ClCompile>
    <ClCompile Include="..\foreign\glslang\glslang\MachineIndependent\Intermediate.cpp">
      <Filter>Source Files\glslang</Filter>
    </ClCompile>
    <ClCompile Include="..\foreign\glslang\glslang\MachineIndependent\intermOut.cpp">
      <Filter>Source Files\glslang</Filter>
    </ClCompile>
    <ClCompile Include="..\foreign\glslang\glslang\MachineIndependent\IntermTraverse.cpp">
      <Filter>Source Files\glslang</Filter>
    </ClCompile>
    <ClCompile Include="..\foreign\glslang\glslang\MachineIndependent\iomapper.cpp">
      <Filter>Source Files\glslang</Filter>
    </ClCompile>
    <ClCompile Include="..\foreign\glslang\glslang\MachineIndependent\limits.cpp">
      <Filter>Source Files\glslang</Filter>
    </ClCompile>
    <ClCompile Include="..\foreign\glslang\glslang\MachineIndependent\linkValidate.cpp">
      <Filter>Source Files\glslang</Filter>
    </ClCompile>
    <ClCompile Include="..\foreign\glslang\glslang\MachineIndependent\parseConst.cpp">
      <Filter>Source Files\glslang</Filter>
    </ClCompile>
    <ClCompile Include="..\foreign\glslang\glslang\MachineIndependent\ParseContextBase.cpp">
      <Filter>Source Files\glslang</Filter>
    </ClCompile>
    <ClCompile Include="..\foreign\glslang\glslang\MachineIndependent\ParseHelper.cpp">
      <Filter>Source Files\glslang</Filter>
    </ClCompile>
    <ClCompile Include="..\foreign\glslang\glslang\MachineIndependent\PoolAlloc.cpp">
      <Filter>Source Files\glslang</Filter>
    </ClCompile>
    <ClCompile Include="..\foreign\glslang\glslang\MachineIndependent\propagateNoContraction.cpp">
      <Filter>Source Files\glslang</Filter>
    </ClCompile>
    <ClCompile Include="..\foreign\glslang\glslang\MachineIndependent\reflection.cpp">
      <Filter>Source Files\glslang</Filter>
    </ClCompile>
    <ClCompile Include="..\foreign\glslang\glslang\MachineIndependent\RemoveTree.cpp">
      <Filter>Source Files\glslang</Filter>
    </ClCompile>
    <ClCompile Include="..\foreign\glslang\glslang\MachineIndependent\Scan.cpp">
      <Filter>Source Files\glslang</Filter>
    </ClCompile>
    <ClCompile Include="..\foreign\glslang\glslang\MachineIndependent\ShaderLang.cpp">
      <Filter>Source Files\glslang</Filter>
    </ClCompile>
    <ClCompile Include="..\foreign\glslang\glslang\MachineIndependent\SymbolTable.cpp">
      <Filter>Source Files\glslang</Filter>
    </ClCompile>
    <ClCompile Include="..\foreign\glslang\glslang\MachineIndependent\Versions.cpp">
      <Filter>Source Files\glslang</Filter>
    </ClCompile>
    <ClCompile Include="..\foreign\glslang\glslang\OSDependent\Windows\ossource.cpp">
      <Filter>Source Files\glslang</Filter>
    </ClCompile>
    <ClCompile Include="..\foreign\glslang\OGLCompilersDLL\InitializeDll.cpp">
      <Filter>Source Files\glslang</Filter>
    </ClCompile>
    <ClCompile Include="..\foreign\glslang\SPIRV\disassemble.cpp">
      <Filter>Source Files\glslang</Filter>
    </ClCompile>
    <ClCompile Include="..\foreign\glslang\SPIRV\doc.cpp">
      <Filter>Source Files\glslang</Filter>
    </ClCompile>
    <ClCompile Include="..\foreign\glslang\SPIRV\GlslangToSpv.cpp">
      <Filter>Source Files\glslang</Filter>
    </ClCompile>
    <ClCompile Include="..\foreign\glslang\SPIRV\InReadableOrder.cpp">
      <Filter>Source Files\glslang</Filter>
    </ClCompile>
    <ClCompile Include="..\foreign\glslang\SPIRV\Logger.cpp">
      <Filter>Source Files\glslang</Filter>
    </ClCompile>
    <ClCompile Include="..\foreign\glslang\SPIRV\SpvBuilder.cpp">
      <Filter>Source Files\glslang</Filter>
    </ClCompile>
    <ClCompile Include="..\foreign\glslang\SPIRV\SPVRemapper.cpp">
      <Filter>Source Files\glslang</Filter>
    </ClCompile>
    <ClCompile Include="..\foreign\glslang\StandAlone\ResourceLimits.cpp">
      <Filter>Source Files\glslang</Filter>
    </ClCompile>
  </ItemGroup>
  <ItemGroup>
    <None Include="..\fxaa.frag">
      <Filter>Source Files\shader</Filter>
    </None>
    <None Include="..\fxaa.vert">
      <Filter>Source Files\shader</Filter>
    </None>
    <None Include="..\simpleFS.frag">
      <Filter>Source Files\shader</Filter>
    </None>
    <None Include="..\simpleVS.vert">
      <Filter>Source Files\shader</Filter>
    </None>
    <None Include="..\smaaBlendWeight.frag">
      <Filter>Source Files\shader</Filter>
    </None>
    <None Include="..\smaaBlendWeight.vert">
      <Filter>Source Files\shader</Filter>
    </None>
    <None Include="..\smaaEdge.frag">
      <Filter>Source Files\shader</Filter>
    </None>
    <None Include="..\smaaEdge.vert">
      <Filter>Source Files\shader</Filter>
    </None>
    <None Include="..\smaaNeighbor.frag">
      <Filter>Source Files\shader</Filter>
    </None>
    <None Include="..\smaaNeighbor.vert">
      <Filter>Source Files\shader</Filter>
    </None>
  </ItemGroup>
  <ItemGroup>
    <ClInclude Include="..\AreaTex.h">
      <Filter>Header Files</Filter>
    </ClInclude>
    <ClInclude Include="..\fxaa3_11.h">
      <Filter>Header Files</Filter>
    </ClInclude>
    <ClInclude Include="..\SearchTex.h">
      <Filter>Header Files</Filter>
    </ClInclude>
    <ClInclude Include="..\smaa.h">
      <Filter>Header Files</Filter>
    </ClInclude>
    <ClInclude Include="..\utils.h">
      <Filter>Header Files</Filter>
    </ClInclude>
    <ClInclude Include="..\demo\Renderer.h">
      <Filter>Source Files</Filter>
    </ClInclude>
    <ClInclude Include="..\demo\RendererInternal.h">
      <Filter>Source Files</Filter>
    </ClInclude>
    <ClInclude Include="..\demo\Utils.h">
      <Filter>Source Files</Filter>
    </ClInclude>
  </ItemGroup>
</Project>